
Microsoft Visual Studio Solution File, Format Version 12.00
# Visual Studio Version 16
VisualStudioVersion = 16.0.31624.102
MinimumVisualStudioVersion = 10.0.40219.1
Project("{FAE04EC0-301F-11D3-BF4B-00C04F79EFBC}") = "Pizza4U", "Pizza4U.csproj", "{C3C8446E-3AB5-410D-8071-7315BA6F407D}"
EndProject
Project("{FAE04EC0-301F-11D3-BF4B-00C04F79EFBC}") = "PizzaTest", "..\PizzaTest\PizzaTest.csproj", "{E45A2E95-C6F6-4FB0-B1C2-7422A2C2923D}"
EndProject
Global
	GlobalSection(SolutionConfigurationPlatforms) = preSolution
		Debug|Any CPU = Debug|Any CPU
		Release|Any CPU = Release|Any CPU
	EndGlobalSection
	GlobalSection(ProjectConfigurationPlatforms) = postSolution
		{C3C8446E-3AB5-410D-8071-7315BA6F407D}.Debug|Any CPU.ActiveCfg = Debug|Any CPU
		{C3C8446E-3AB5-410D-8071-7315BA6F407D}.Debug|Any CPU.Build.0 = Debug|Any CPU
		{C3C8446E-3AB5-410D-8071-7315BA6F407D}.Release|Any CPU.ActiveCfg = Release|Any CPU
		{C3C8446E-3AB5-410D-8071-7315BA6F407D}.Release|Any CPU.Build.0 = Release|Any CPU
		{E45A2E95-C6F6-4FB0-B1C2-7422A2C2923D}.Debug|Any CPU.ActiveCfg = Debug|Any CPU
		{E45A2E95-C6F6-4FB0-B1C2-7422A2C2923D}.Debug|Any CPU.Build.0 = Debug|Any CPU
		{E45A2E95-C6F6-4FB0-B1C2-7422A2C2923D}.Release|Any CPU.ActiveCfg = Release|Any CPU
		{E45A2E95-C6F6-4FB0-B1C2-7422A2C2923D}.Release|Any CPU.Build.0 = Release|Any CPU
	EndGlobalSection
	GlobalSection(SolutionProperties) = preSolution
		HideSolutionNode = FALSE
	EndGlobalSection
	GlobalSection(ExtensibilityGlobals) = postSolution
		SolutionGuid = {CF3D6252-A6AA-43C6-B203-2F5833847790}
	EndGlobalSection
EndGlobal
